
Microsoft Visual Studio Solution File, Format Version 12.00
# Visual Studio 15
VisualStudioVersion = 15.0.28307.136
MinimumVisualStudioVersion = 10.0.40219.1
Project("{FAE04EC0-301F-11D3-BF4B-00C04F79EFBC}") = "MES-MonitoringClient", "MES-MonitoringClient\MES-MonitoringClient.csproj", "{6AAFA40D-F340-4DC0-BE52-AF836CFEB373}"
EndProject
Project("{FAE04EC0-301F-11D3-BF4B-00C04F79EFBC}") = "MES-MonitoringService", "MES-MonitoringService\MES-MonitoringService.csproj", "{D3303ABE-43A8-42EF-98F9-5C143E3816B4}"
EndProject
Global
	GlobalSection(SolutionConfigurationPlatforms) = preSolution
		Debug|Any CPU = Debug|Any CPU
		Release|Any CPU = Release|Any CPU
	EndGlobalSection
	GlobalSection(ProjectConfigurationPlatforms) = postSolution
		{6AAFA40D-F340-4DC0-BE52-AF836CFEB373}.Debug|Any CPU.ActiveCfg = Debug|Any CPU
		{6AAFA40D-F340-4DC0-BE52-AF836CFEB373}.Debug|Any CPU.Build.0 = Debug|Any CPU
		{6AAFA40D-F340-4DC0-BE52-AF836CFEB373}.Release|Any CPU.ActiveCfg = Release|Any CPU
		{6AAFA40D-F340-4DC0-BE52-AF836CFEB373}.Release|Any CPU.Build.0 = Release|Any CPU
		{D3303ABE-43A8-42EF-98F9-5C143E3816B4}.Debug|Any CPU.ActiveCfg = Debug|Any CPU
		{D3303ABE-43A8-42EF-98F9-5C143E3816B4}.Debug|Any CPU.Build.0 = Debug|Any CPU
		{D3303ABE-43A8-42EF-98F9-5C143E3816B4}.Release|Any CPU.ActiveCfg = Release|Any CPU
		{D3303ABE-43A8-42EF-98F9-5C143E3816B4}.Release|Any CPU.Build.0 = Release|Any CPU
	EndGlobalSection
	GlobalSection(SolutionProperties) = preSolution
		HideSolutionNode = FALSE
	EndGlobalSection
	GlobalSection(ExtensibilityGlobals) = postSolution
		SolutionGuid = {52ED7CC2-6266-400B-9C96-572EF59413F6}
	EndGlobalSection
EndGlobal
